
Microsoft Visual Studio Solution File, Format Version 12.00
# Visual Studio Version 17
VisualStudioVersion = 17.8.34309.116
MinimumVisualStudioVersion = 10.0.40219.1
Project("{FAE04EC0-301F-11D3-BF4B-00C04F79EFBC}") = "MedDomain", "MedDomain\MedDomain.csproj", "{0647D3BB-235E-4238-A39D-1A204C5AF60E}"
EndProject
Project("{FAE04EC0-301F-11D3-BF4B-00C04F79EFBC}") = "MedPersistance", "MedPersistance\MedPersistance.csproj", "{2704DEEF-6202-490C-BBE3-9C7E6B0C3ECD}"
EndProject
Project("{FAE04EC0-301F-11D3-BF4B-00C04F79EFBC}") = "MedApplication", "MedApplication\MedApplication.csproj", "{719BB92B-66ED-49F5-8EB9-EC7C51B7DE4C}"
EndProject
Project("{FAE04EC0-301F-11D3-BF4B-00C04F79EFBC}") = "MedInfrastructure", "MedInfrastructure\MedInfrastructure.csproj", "{6F97DDC1-DFC2-4437-B323-F21158CE63F0}"
EndProject
Project("{FAE04EC0-301F-11D3-BF4B-00C04F79EFBC}") = "MedApi", "MedApi\MedApi.csproj", "{D4DB3D8D-24C1-40C8-93A7-A3F29D74FD54}"
EndProject
Global
	GlobalSection(SolutionConfigurationPlatforms) = preSolution
		Debug|Any CPU = Debug|Any CPU
		Release|Any CPU = Release|Any CPU
	EndGlobalSection
	GlobalSection(ProjectConfigurationPlatforms) = postSolution
		{0647D3BB-235E-4238-A39D-1A204C5AF60E}.Debug|Any CPU.ActiveCfg = Debug|Any CPU
		{0647D3BB-235E-4238-A39D-1A204C5AF60E}.Debug|Any CPU.Build.0 = Debug|Any CPU
		{0647D3BB-235E-4238-A39D-1A204C5AF60E}.Release|Any CPU.ActiveCfg = Release|Any CPU
		{0647D3BB-235E-4238-A39D-1A204C5AF60E}.Release|Any CPU.Build.0 = Release|Any CPU
		{2704DEEF-6202-490C-BBE3-9C7E6B0C3ECD}.Debug|Any CPU.ActiveCfg = Debug|Any CPU
		{2704DEEF-6202-490C-BBE3-9C7E6B0C3ECD}.Debug|Any CPU.Build.0 = Debug|Any CPU
		{2704DEEF-6202-490C-BBE3-9C7E6B0C3ECD}.Release|Any CPU.ActiveCfg = Release|Any CPU
		{2704DEEF-6202-490C-BBE3-9C7E6B0C3ECD}.Release|Any CPU.Build.0 = Release|Any CPU
		{719BB92B-66ED-49F5-8EB9-EC7C51B7DE4C}.Debug|Any CPU.ActiveCfg = Debug|Any CPU
		{719BB92B-66ED-49F5-8EB9-EC7C51B7DE4C}.Debug|Any CPU.Build.0 = Debug|Any CPU
		{719BB92B-66ED-49F5-8EB9-EC7C51B7DE4C}.Release|Any CPU.ActiveCfg = Release|Any CPU
		{719BB92B-66ED-49F5-8EB9-EC7C51B7DE4C}.Release|Any CPU.Build.0 = Release|Any CPU
		{6F97DDC1-DFC2-4437-B323-F21158CE63F0}.Debug|Any CPU.ActiveCfg = Debug|Any CPU
		{6F97DDC1-DFC2-4437-B323-F21158CE63F0}.Debug|Any CPU.Build.0 = Debug|Any CPU
		{6F97DDC1-DFC2-4437-B323-F21158CE63F0}.Release|Any CPU.ActiveCfg = Release|Any CPU
		{6F97DDC1-DFC2-4437-B323-F21158CE63F0}.Release|Any CPU.Build.0 = Release|Any CPU
		{D4DB3D8D-24C1-40C8-93A7-A3F29D74FD54}.Debug|Any CPU.ActiveCfg = Debug|Any CPU
		{D4DB3D8D-24C1-40C8-93A7-A3F29D74FD54}.Debug|Any CPU.Build.0 = Debug|Any CPU
		{D4DB3D8D-24C1-40C8-93A7-A3F29D74FD54}.Release|Any CPU.ActiveCfg = Release|Any CPU
		{D4DB3D8D-24C1-40C8-93A7-A3F29D74FD54}.Release|Any CPU.Build.0 = Release|Any CPU
	EndGlobalSection
	GlobalSection(SolutionProperties) = preSolution
		HideSolutionNode = FALSE
	EndGlobalSection
	GlobalSection(ExtensibilityGlobals) = postSolution
		SolutionGuid = {B1F4212E-21E3-47A3-961F-24A5AAA7377B}
	EndGlobalSection
EndGlobal
